
Microsoft Visual Studio Solution File, Format Version 12.00
# Visual Studio Version 17
VisualStudioVersion = 17.5.002.0
MinimumVisualStudioVersion = 10.0.40219.1
Project("{2150E333-8FDC-42A3-9474-1A3956D46DE8}") = "src", "src", "{B986CE29-36E0-4798-AC32-213FCEC5B974}"
EndProject
Project("{9A19103F-16F7-4668-BE54-9A1E7A4F7556}") = "Zinc.Core", "src\Engine\Zinc.Core.csproj", "{561CACFC-1F9C-420F-85AF-0376152E349A}"
EndProject
Project("{9A19103F-16F7-4668-BE54-9A1E7A4F7556}") = "Game", "src\Game\Game.csproj", "{D495419C-E527-434D-9B8C-55561699FDDF}"
EndProject
Global
	GlobalSection(SolutionConfigurationPlatforms) = preSolution
		Debug|Any CPU = Debug|Any CPU
		Release|Any CPU = Release|Any CPU
	EndGlobalSection
	GlobalSection(ProjectConfigurationPlatforms) = postSolution
		{561CACFC-1F9C-420F-85AF-0376152E349A}.Debug|Any CPU.ActiveCfg = Debug|Any CPU
		{561CACFC-1F9C-420F-85AF-0376152E349A}.Debug|Any CPU.Build.0 = Debug|Any CPU
		{561CACFC-1F9C-420F-85AF-0376152E349A}.Release|Any CPU.ActiveCfg = Release|Any CPU
		{561CACFC-1F9C-420F-85AF-0376152E349A}.Release|Any CPU.Build.0 = Release|Any CPU
		{D495419C-E527-434D-9B8C-55561699FDDF}.Debug|Any CPU.ActiveCfg = Debug|Any CPU
		{D495419C-E527-434D-9B8C-55561699FDDF}.Debug|Any CPU.Build.0 = Debug|Any CPU
		{D495419C-E527-434D-9B8C-55561699FDDF}.Release|Any CPU.ActiveCfg = Release|Any CPU
		{D495419C-E527-434D-9B8C-55561699FDDF}.Release|Any CPU.Build.0 = Release|Any CPU
	EndGlobalSection
	GlobalSection(SolutionProperties) = preSolution
		HideSolutionNode = FALSE
	EndGlobalSection
	GlobalSection(NestedProjects) = preSolution
		{561CACFC-1F9C-420F-85AF-0376152E349A} = {B986CE29-36E0-4798-AC32-213FCEC5B974}
		{D495419C-E527-434D-9B8C-55561699FDDF} = {B986CE29-36E0-4798-AC32-213FCEC5B974}
	EndGlobalSection
	GlobalSection(ExtensibilityGlobals) = postSolution
		SolutionGuid = {16D9BCA1-510F-4E61-A4EC-9805EA896C73}
	EndGlobalSection
EndGlobal
